// !$*UTF8*$!
{
	archiveVersion = 1;
	classes = {
	};
	objectVersion = 46;
	objects = {

/* Begin PBXBuildFile section */
		1F9F26A49024A259C9C714B8 /* Pods_1To1Rating.framework in Frameworks */ = {isa = PBXBuildFile; fileRef = 45559E8DC250395FB488B679 /* Pods_1To1Rating.framework */; };
		821A84F91F4CAA25007238E1 /* UserNotifications.framework in Frameworks */ = {isa = PBXBuildFile; fileRef = 821A84F81F4CAA25007238E1 /* UserNotifications.framework */; };
		821A84FB1F4CAA2B007238E1 /* UserNotificationsUI.framework in Frameworks */ = {isa = PBXBuildFile; fileRef = 821A84FA1F4CAA2B007238E1 /* UserNotificationsUI.framework */; };
		8229CB9F1F4E3D4F00218E8A /* BarChart.m in Sources */ = {isa = PBXBuildFile; fileRef = 8229CB871F4E3D4F00218E8A /* BarChart.m */; };
		8229CBA01F4E3D4F00218E8A /* CircularChart.m in Sources */ = {isa = PBXBuildFile; fileRef = 8229CB8A1F4E3D4F00218E8A /* CircularChart.m */; };
		8229CBA11F4E3D4F00218E8A /* DRScrollView.m in Sources */ = {isa = PBXBuildFile; fileRef = 8229CB8E1F4E3D4F00218E8A /* DRScrollView.m */; };
		8229CBA21F4E3D4F00218E8A /* HorizontalStackBarChart.m in Sources */ = {isa = PBXBuildFile; fileRef = 8229CB911F4E3D4F00218E8A /* HorizontalStackBarChart.m */; };
		8229CBA31F4E3D4F00218E8A /* LegendView.m in Sources */ = {isa = PBXBuildFile; fileRef = 8229CB941F4E3D4F00218E8A /* LegendView.m */; };
		8229CBA41F4E3D4F00218E8A /* LineGraphMarker.m in Sources */ = {isa = PBXBuildFile; fileRef = 8229CB971F4E3D4F00218E8A /* LineGraphMarker.m */; };
		8229CBA51F4E3D4F00218E8A /* MultiLineGraphView.m in Sources */ = {isa = PBXBuildFile; fileRef = 8229CB991F4E3D4F00218E8A /* MultiLineGraphView.m */; };
		8229CBA61F4E3D4F00218E8A /* PieChart.m in Sources */ = {isa = PBXBuildFile; fileRef = 8229CB9C1F4E3D4F00218E8A /* PieChart.m */; };
		8229CBA71F4E3D4F00218E8A /* Info.plist in Resources */ = {isa = PBXBuildFile; fileRef = 8229CB9E1F4E3D4F00218E8A /* Info.plist */; };
		8261602E1F485898000643C9 /* ReadMe.strings in Resources */ = {isa = PBXBuildFile; fileRef = 8261602D1F485898000643C9 /* ReadMe.strings */; };
		826A224A1F462B5200773F15 /* Main_iPad.storyboard in Resources */ = {isa = PBXBuildFile; fileRef = 826A22491F462B5200773F15 /* Main_iPad.storyboard */; };
		827C81051F51F6550088BA0D /* Fabric.framework in Frameworks */ = {isa = PBXBuildFile; fileRef = 827C81031F51F6550088BA0D /* Fabric.framework */; };
		827C81061F51F6550088BA0D /* Crashlytics.framework in Frameworks */ = {isa = PBXBuildFile; fileRef = 827C81041F51F6550088BA0D /* Crashlytics.framework */; };
		829754B21F44B31D001B59CA /* main.m in Sources */ = {isa = PBXBuildFile; fileRef = 829754B11F44B31D001B59CA /* main.m */; };
		829754BB1F44B31D001B59CA /* Main.storyboard in Resources */ = {isa = PBXBuildFile; fileRef = 829754B91F44B31D001B59CA /* Main.storyboard */; };
		829754BD1F44B31D001B59CA /* Assets.xcassets in Resources */ = {isa = PBXBuildFile; fileRef = 829754BC1F44B31D001B59CA /* Assets.xcassets */; };
		829754C01F44B31D001B59CA /* LaunchScreen.storyboard in Resources */ = {isa = PBXBuildFile; fileRef = 829754BE1F44B31D001B59CA /* LaunchScreen.storyboard */; };
		82BBC1431F4A1DCD000030FF /* OTOGeneralSharedManager.m in Sources */ = {isa = PBXBuildFile; fileRef = 82BBC1421F4A1DCD000030FF /* OTOGeneralSharedManager.m */; };
		82BBC14C1F4A29CE000030FF /* Reachability.m in Sources */ = {isa = PBXBuildFile; fileRef = 82BBC14B1F4A29CE000030FF /* Reachability.m */; };
		82BBC1541F4A3227000030FF /* OTOSharedWebService.m in Sources */ = {isa = PBXBuildFile; fileRef = 82BBC1531F4A3227000030FF /* OTOSharedWebService.m */; };
		82CDD8081F48806B00CC50A4 /* FBSDKCoreKit.framework in Frameworks */ = {isa = PBXBuildFile; fileRef = 82CDD8061F48806B00CC50A4 /* FBSDKCoreKit.framework */; };
		82CDD8091F48806B00CC50A4 /* FBSDKLoginKit.framework in Frameworks */ = {isa = PBXBuildFile; fileRef = 82CDD8071F48806B00CC50A4 /* FBSDKLoginKit.framework */; };
		82CDD80B1F488AD400CC50A4 /* Bolts.framework in Frameworks */ = {isa = PBXBuildFile; fileRef = 82CDD80A1F488AD400CC50A4 /* Bolts.framework */; };
		82CDD8131F489CA500CC50A4 /* OTOSignInVC.m in Sources */ = {isa = PBXBuildFile; fileRef = 82CDD8121F489CA500CC50A4 /* OTOSignInVC.m */; };
		82CDD81F1F489D9500CC50A4 /* OTOMainVC.m in Sources */ = {isa = PBXBuildFile; fileRef = 82CDD81A1F489D9500CC50A4 /* OTOMainVC.m */; };
		82CDD8211F489D9500CC50A4 /* OTOSignUpVC.m in Sources */ = {isa = PBXBuildFile; fileRef = 82CDD81E1F489D9500CC50A4 /* OTOSignUpVC.m */; };
		82CDD8281F489E7400CC50A4 /* OTOForgotPasswordVC.m in Sources */ = {isa = PBXBuildFile; fileRef = 82CDD8271F489E7400CC50A4 /* OTOForgotPasswordVC.m */; };
		82CDF0EB1F44C9030017FA75 /* AppDelegate.m in Sources */ = {isa = PBXBuildFile; fileRef = 82CDF0EA1F44C9030017FA75 /* AppDelegate.m */; };
/* End PBXBuildFile section */

/* Begin PBXFileReference section */
		08B80B4C2A4C69074B5526D2 /* Pods-1To1Rating.release.xcconfig */ = {isa = PBXFileReference; includeInIndex = 1; lastKnownFileType = text.xcconfig; name = "Pods-1To1Rating.release.xcconfig"; path = "Pods/Target Support Files/Pods-1To1Rating/Pods-1To1Rating.release.xcconfig"; sourceTree = "<group>"; };
		45559E8DC250395FB488B679 /* Pods_1To1Rating.framework */ = {isa = PBXFileReference; explicitFileType = wrapper.framework; includeInIndex = 0; path = Pods_1To1Rating.framework; sourceTree = BUILT_PRODUCTS_DIR; };
		82003F3A1F4F59FC0028B3B2 /* 1To1Rating.entitlements */ = {isa = PBXFileReference; lastKnownFileType = text.plist.entitlements; path = 1To1Rating.entitlements; sourceTree = "<group>"; };
		821A84F81F4CAA25007238E1 /* UserNotifications.framework */ = {isa = PBXFileReference; lastKnownFileType = wrapper.framework; name = UserNotifications.framework; path = System/Library/Frameworks/UserNotifications.framework; sourceTree = SDKROOT; };
		821A84FA1F4CAA2B007238E1 /* UserNotificationsUI.framework */ = {isa = PBXFileReference; lastKnownFileType = wrapper.framework; name = UserNotificationsUI.framework; path = System/Library/Frameworks/UserNotificationsUI.framework; sourceTree = SDKROOT; };
		8229CB861F4E3D4F00218E8A /* BarChart.h */ = {isa = PBXFileReference; fileEncoding = 4; lastKnownFileType = sourcecode.c.h; path = BarChart.h; sourceTree = "<group>"; };
		8229CB871F4E3D4F00218E8A /* BarChart.m */ = {isa = PBXFileReference; fileEncoding = 4; lastKnownFileType = sourcecode.c.objc; path = BarChart.m; sourceTree = "<group>"; };
		8229CB891F4E3D4F00218E8A /* CircularChart.h */ = {isa = PBXFileReference; fileEncoding = 4; lastKnownFileType = sourcecode.c.h; path = CircularChart.h; sourceTree = "<group>"; };
		8229CB8A1F4E3D4F00218E8A /* CircularChart.m */ = {isa = PBXFileReference; fileEncoding = 4; lastKnownFileType = sourcecode.c.objc; path = CircularChart.m; sourceTree = "<group>"; };
		8229CB8B1F4E3D4F00218E8A /* Constants.h */ = {isa = PBXFileReference; fileEncoding = 4; lastKnownFileType = sourcecode.c.h; path = Constants.h; sourceTree = "<group>"; };
		8229CB8C1F4E3D4F00218E8A /* DrGraphs.h */ = {isa = PBXFileReference; fileEncoding = 4; lastKnownFileType = sourcecode.c.h; path = DrGraphs.h; sourceTree = "<group>"; };
		8229CB8D1F4E3D4F00218E8A /* DRScrollView.h */ = {isa = PBXFileReference; fileEncoding = 4; lastKnownFileType = sourcecode.c.h; path = DRScrollView.h; sourceTree = "<group>"; };
		8229CB8E1F4E3D4F00218E8A /* DRScrollView.m */ = {isa = PBXFileReference; fileEncoding = 4; lastKnownFileType = sourcecode.c.objc; path = DRScrollView.m; sourceTree = "<group>"; };
		8229CB901F4E3D4F00218E8A /* HorizontalStackBarChart.h */ = {isa = PBXFileReference; fileEncoding = 4; lastKnownFileType = sourcecode.c.h; path = HorizontalStackBarChart.h; sourceTree = "<group>"; };
		8229CB911F4E3D4F00218E8A /* HorizontalStackBarChart.m */ = {isa = PBXFileReference; fileEncoding = 4; lastKnownFileType = sourcecode.c.objc; path = HorizontalStackBarChart.m; sourceTree = "<group>"; };
		8229CB931F4E3D4F00218E8A /* LegendView.h */ = {isa = PBXFileReference; fileEncoding = 4; lastKnownFileType = sourcecode.c.h; path = LegendView.h; sourceTree = "<group>"; };
		8229CB941F4E3D4F00218E8A /* LegendView.m */ = {isa = PBXFileReference; fileEncoding = 4; lastKnownFileType = sourcecode.c.objc; path = LegendView.m; sourceTree = "<group>"; };
		8229CB961F4E3D4F00218E8A /* LineGraphMarker.h */ = {isa = PBXFileReference; fileEncoding = 4; lastKnownFileType = sourcecode.c.h; path = LineGraphMarker.h; sourceTree = "<group>"; };
		8229CB971F4E3D4F00218E8A /* LineGraphMarker.m */ = {isa = PBXFileReference; fileEncoding = 4; lastKnownFileType = sourcecode.c.objc; path = LineGraphMarker.m; sourceTree = "<group>"; };
		8229CB981F4E3D4F00218E8A /* MultiLineGraphView.h */ = {isa = PBXFileReference; fileEncoding = 4; lastKnownFileType = sourcecode.c.h; path = MultiLineGraphView.h; sourceTree = "<group>"; };
		8229CB991F4E3D4F00218E8A /* MultiLineGraphView.m */ = {isa = PBXFileReference; fileEncoding = 4; lastKnownFileType = sourcecode.c.objc; path = MultiLineGraphView.m; sourceTree = "<group>"; };
		8229CB9B1F4E3D4F00218E8A /* PieChart.h */ = {isa = PBXFileReference; fileEncoding = 4; lastKnownFileType = sourcecode.c.h; path = PieChart.h; sourceTree = "<group>"; };
		8229CB9C1F4E3D4F00218E8A /* PieChart.m */ = {isa = PBXFileReference; fileEncoding = 4; lastKnownFileType = sourcecode.c.objc; path = PieChart.m; sourceTree = "<group>"; };
		8229CB9D1F4E3D4F00218E8A /* drCharts.h */ = {isa = PBXFileReference; fileEncoding = 4; lastKnownFileType = sourcecode.c.h; path = drCharts.h; sourceTree = "<group>"; };
		8229CB9E1F4E3D4F00218E8A /* Info.plist */ = {isa = PBXFileReference; fileEncoding = 4; lastKnownFileType = text.plist.xml; path = Info.plist; sourceTree = "<group>"; };
		8261602D1F485898000643C9 /* ReadMe.strings */ = {isa = PBXFileReference; fileEncoding = 4; lastKnownFileType = text.plist.strings; name = ReadMe.strings; path = Resources/ReadMe/ReadMe.strings; sourceTree = "<group>"; };
		826A22491F462B5200773F15 /* Main_iPad.storyboard */ = {isa = PBXFileReference; fileEncoding = 4; lastKnownFileType = file.storyboard; name = Main_iPad.storyboard; path = Views/Storyboards/Main_iPad.storyboard; sourceTree = "<group>"; };
		827C81031F51F6550088BA0D /* Fabric.framework */ = {isa = PBXFileReference; lastKnownFileType = wrapper.framework; path = Fabric.framework; sourceTree = "<group>"; };
		827C81041F51F6550088BA0D /* Crashlytics.framework */ = {isa = PBXFileReference; lastKnownFileType = wrapper.framework; path = Crashlytics.framework; sourceTree = "<group>"; };
		829754AD1F44B31D001B59CA /* 1To1Rating.app */ = {isa = PBXFileReference; explicitFileType = wrapper.application; includeInIndex = 0; path = 1To1Rating.app; sourceTree = BUILT_PRODUCTS_DIR; };
		829754B11F44B31D001B59CA /* main.m */ = {isa = PBXFileReference; lastKnownFileType = sourcecode.c.objc; path = main.m; sourceTree = "<group>"; };
		829754BA1F44B31D001B59CA /* Base */ = {isa = PBXFileReference; lastKnownFileType = file.storyboard; name = Base; path = Base.lproj/Main.storyboard; sourceTree = "<group>"; };
		829754BC1F44B31D001B59CA /* Assets.xcassets */ = {isa = PBXFileReference; lastKnownFileType = folder.assetcatalog; path = Assets.xcassets; sourceTree = "<group>"; };
		829754BF1F44B31D001B59CA /* Base */ = {isa = PBXFileReference; lastKnownFileType = file.storyboard; name = Base; path = Base.lproj/LaunchScreen.storyboard; sourceTree = "<group>"; };
		829754C11F44B31D001B59CA /* Info.plist */ = {isa = PBXFileReference; lastKnownFileType = text.plist.xml; path = Info.plist; sourceTree = "<group>"; };
		82BBC1411F4A1DCD000030FF /* OTOGeneralSharedManager.h */ = {isa = PBXFileReference; fileEncoding = 4; lastKnownFileType = sourcecode.c.h; name = OTOGeneralSharedManager.h; path = OtherClasses/SharedClasses/General/OTOGeneralSharedManager.h; sourceTree = "<group>"; };
		82BBC1421F4A1DCD000030FF /* OTOGeneralSharedManager.m */ = {isa = PBXFileReference; fileEncoding = 4; lastKnownFileType = sourcecode.c.objc; name = OTOGeneralSharedManager.m; path = OtherClasses/SharedClasses/General/OTOGeneralSharedManager.m; sourceTree = "<group>"; };
		82BBC1481F4A26D4000030FF /* OTOMessageConstants.h */ = {isa = PBXFileReference; lastKnownFileType = sourcecode.c.h; name = OTOMessageConstants.h; path = Constants/OTOMessageConstants.h; sourceTree = "<group>"; };
		82BBC14A1F4A29CE000030FF /* Reachability.h */ = {isa = PBXFileReference; fileEncoding = 4; lastKnownFileType = sourcecode.c.h; path = Reachability.h; sourceTree = "<group>"; };
		82BBC14B1F4A29CE000030FF /* Reachability.m */ = {isa = PBXFileReference; fileEncoding = 4; lastKnownFileType = sourcecode.c.objc; path = Reachability.m; sourceTree = "<group>"; };
		82BBC14D1F4A2E39000030FF /* OTOAPIConstants.h */ = {isa = PBXFileReference; lastKnownFileType = sourcecode.c.h; name = OTOAPIConstants.h; path = Constants/OTOAPIConstants.h; sourceTree = "<group>"; };
		82BBC1521F4A3227000030FF /* OTOSharedWebService.h */ = {isa = PBXFileReference; fileEncoding = 4; lastKnownFileType = sourcecode.c.h; path = OTOSharedWebService.h; sourceTree = "<group>"; };
		82BBC1531F4A3227000030FF /* OTOSharedWebService.m */ = {isa = PBXFileReference; fileEncoding = 4; lastKnownFileType = sourcecode.c.objc; path = OTOSharedWebService.m; sourceTree = "<group>"; };
		82CDD8061F48806B00CC50A4 /* FBSDKCoreKit.framework */ = {isa = PBXFileReference; lastKnownFileType = wrapper.framework; name = FBSDKCoreKit.framework; path = 1To1Rating/ThirdParty/Facebook/FBSDKCoreKit.framework; sourceTree = "<group>"; };
		82CDD8071F48806B00CC50A4 /* FBSDKLoginKit.framework */ = {isa = PBXFileReference; lastKnownFileType = wrapper.framework; name = FBSDKLoginKit.framework; path = 1To1Rating/ThirdParty/Facebook/FBSDKLoginKit.framework; sourceTree = "<group>"; };
		82CDD80A1F488AD400CC50A4 /* Bolts.framework */ = {isa = PBXFileReference; lastKnownFileType = wrapper.framework; name = Bolts.framework; path = 1To1Rating/ThirdParty/Facebook/Bolts.framework; sourceTree = "<group>"; };
		82CDD8111F489CA500CC50A4 /* OTOSignInVC.h */ = {isa = PBXFileReference; fileEncoding = 4; lastKnownFileType = sourcecode.c.h; path = OTOSignInVC.h; sourceTree = "<group>"; };
		82CDD8121F489CA500CC50A4 /* OTOSignInVC.m */ = {isa = PBXFileReference; fileEncoding = 4; lastKnownFileType = sourcecode.c.objc; path = OTOSignInVC.m; sourceTree = "<group>"; };
		82CDD8191F489D9500CC50A4 /* OTOMainVC.h */ = {isa = PBXFileReference; fileEncoding = 4; lastKnownFileType = sourcecode.c.h; path = OTOMainVC.h; sourceTree = "<group>"; };
		82CDD81A1F489D9500CC50A4 /* OTOMainVC.m */ = {isa = PBXFileReference; fileEncoding = 4; lastKnownFileType = sourcecode.c.objc; path = OTOMainVC.m; sourceTree = "<group>"; };
		82CDD81D1F489D9500CC50A4 /* OTOSignUpVC.h */ = {isa = PBXFileReference; fileEncoding = 4; lastKnownFileType = sourcecode.c.h; path = OTOSignUpVC.h; sourceTree = "<group>"; };
		82CDD81E1F489D9500CC50A4 /* OTOSignUpVC.m */ = {isa = PBXFileReference; fileEncoding = 4; lastKnownFileType = sourcecode.c.objc; path = OTOSignUpVC.m; sourceTree = "<group>"; };
		82CDD8261F489E7400CC50A4 /* OTOForgotPasswordVC.h */ = {isa = PBXFileReference; fileEncoding = 4; lastKnownFileType = sourcecode.c.h; path = OTOForgotPasswordVC.h; sourceTree = "<group>"; };
		82CDD8271F489E7400CC50A4 /* OTOForgotPasswordVC.m */ = {isa = PBXFileReference; fileEncoding = 4; lastKnownFileType = sourcecode.c.objc; path = OTOForgotPasswordVC.m; sourceTree = "<group>"; };
		82CDF0E91F44C9030017FA75 /* AppDelegate.h */ = {isa = PBXFileReference; fileEncoding = 4; lastKnownFileType = sourcecode.c.h; name = AppDelegate.h; path = Classes/AppDelegate/AppDelegate.h; sourceTree = "<group>"; };
		82CDF0EA1F44C9030017FA75 /* AppDelegate.m */ = {isa = PBXFileReference; fileEncoding = 4; lastKnownFileType = sourcecode.c.objc; name = AppDelegate.m; path = Classes/AppDelegate/AppDelegate.m; sourceTree = "<group>"; };
		82CDF0F11F44D88D0017FA75 /* OTOConstants.h */ = {isa = PBXFileReference; lastKnownFileType = sourcecode.c.h; name = OTOConstants.h; path = Constants/OTOConstants.h; sourceTree = "<group>"; };
		82CDF0F21F44D8A70017FA75 /* OTOColorConstants.h */ = {isa = PBXFileReference; lastKnownFileType = sourcecode.c.h; name = OTOColorConstants.h; path = Constants/OTOColorConstants.h; sourceTree = "<group>"; };
		82CDF0F31F44DA5B0017FA75 /* 1To1Rating.pch */ = {isa = PBXFileReference; lastKnownFileType = sourcecode.c.h; name = 1To1Rating.pch; path = Resources/1To1Rating.pch; sourceTree = "<group>"; };
		82D854A31F4B760600E71FF8 /* OTOUserDefaultConstants.h */ = {isa = PBXFileReference; lastKnownFileType = sourcecode.c.h; name = OTOUserDefaultConstants.h; path = Constants/OTOUserDefaultConstants.h; sourceTree = "<group>"; };
		9B93E80D0D9FDDE4D1965F2D /* Pods-1To1Rating.debug.xcconfig */ = {isa = PBXFileReference; includeInIndex = 1; lastKnownFileType = text.xcconfig; name = "Pods-1To1Rating.debug.xcconfig"; path = "Pods/Target Support Files/Pods-1To1Rating/Pods-1To1Rating.debug.xcconfig"; sourceTree = "<group>"; };
/* End PBXFileReference section */

/* Begin PBXFrameworksBuildPhase section */
		829754AA1F44B31D001B59CA /* Frameworks */ = {
			isa = PBXFrameworksBuildPhase;
			buildActionMask = 2147483647;
			files = (
				827C81051F51F6550088BA0D /* Fabric.framework in Frameworks */,
				821A84FB1F4CAA2B007238E1 /* UserNotificationsUI.framework in Frameworks */,
				827C81061F51F6550088BA0D /* Crashlytics.framework in Frameworks */,
				821A84F91F4CAA25007238E1 /* UserNotifications.framework in Frameworks */,
				82CDD80B1F488AD400CC50A4 /* Bolts.framework in Frameworks */,
				82CDD8081F48806B00CC50A4 /* FBSDKCoreKit.framework in Frameworks */,
				82CDD8091F48806B00CC50A4 /* FBSDKLoginKit.framework in Frameworks */,
				1F9F26A49024A259C9C714B8 /* Pods_1To1Rating.framework in Frameworks */,
			);
			runOnlyForDeploymentPostprocessing = 0;
		};
/* End PBXFrameworksBuildPhase section */

/* Begin PBXGroup section */
		008632191F006AAC4BB9A12B /* Frameworks */ = {
			isa = PBXGroup;
			children = (
				827C81031F51F6550088BA0D /* Fabric.framework */,
				827C81041F51F6550088BA0D /* Crashlytics.framework */,
				821A84FA1F4CAA2B007238E1 /* UserNotificationsUI.framework */,
				821A84F81F4CAA25007238E1 /* UserNotifications.framework */,
				82CDD80A1F488AD400CC50A4 /* Bolts.framework */,
				82CDD8061F48806B00CC50A4 /* FBSDKCoreKit.framework */,
				82CDD8071F48806B00CC50A4 /* FBSDKLoginKit.framework */,
				45559E8DC250395FB488B679 /* Pods_1To1Rating.framework */,
			);
			name = Frameworks;
			sourceTree = "<group>";
		};
		8229CB831F4E3D4F00218E8A /* dr-Charts */ = {
			isa = PBXGroup;
			children = (
				8229CB841F4E3D4F00218E8A /* Classes */,
				8229CB9D1F4E3D4F00218E8A /* drCharts.h */,
				8229CB9E1F4E3D4F00218E8A /* Info.plist */,
			);
			name = "dr-Charts";
			path = "ThirdParty/dr-Charts";
			sourceTree = "<group>";
		};
		8229CB841F4E3D4F00218E8A /* Classes */ = {
			isa = PBXGroup;
			children = (
				8229CB851F4E3D4F00218E8A /* BarChart */,
				8229CB881F4E3D4F00218E8A /* CircularChart */,
				8229CB8B1F4E3D4F00218E8A /* Constants.h */,
				8229CB8C1F4E3D4F00218E8A /* DrGraphs.h */,
				8229CB8D1F4E3D4F00218E8A /* DRScrollView.h */,
				8229CB8E1F4E3D4F00218E8A /* DRScrollView.m */,
				8229CB8F1F4E3D4F00218E8A /* HorizontalStackChart */,
				8229CB921F4E3D4F00218E8A /* Legend */,
				8229CB951F4E3D4F00218E8A /* LineChart */,
				8229CB9A1F4E3D4F00218E8A /* PieChart */,
			);
			path = Classes;
			sourceTree = "<group>";
		};
		8229CB851F4E3D4F00218E8A /* BarChart */ = {
			isa = PBXGroup;
			children = (
				8229CB861F4E3D4F00218E8A /* BarChart.h */,
				8229CB871F4E3D4F00218E8A /* BarChart.m */,
			);
			path = BarChart;
			sourceTree = "<group>";
		};
		8229CB881F4E3D4F00218E8A /* CircularChart */ = {
			isa = PBXGroup;
			children = (
				8229CB891F4E3D4F00218E8A /* CircularChart.h */,
				8229CB8A1F4E3D4F00218E8A /* CircularChart.m */,
			);
			path = CircularChart;
			sourceTree = "<group>";
		};
		8229CB8F1F4E3D4F00218E8A /* HorizontalStackChart */ = {
			isa = PBXGroup;
			children = (
				8229CB901F4E3D4F00218E8A /* HorizontalStackBarChart.h */,
				8229CB911F4E3D4F00218E8A /* HorizontalStackBarChart.m */,
			);
			path = HorizontalStackChart;
			sourceTree = "<group>";
		};
		8229CB921F4E3D4F00218E8A /* Legend */ = {
			isa = PBXGroup;
			children = (
				8229CB931F4E3D4F00218E8A /* LegendView.h */,
				8229CB941F4E3D4F00218E8A /* LegendView.m */,
			);
			path = Legend;
			sourceTree = "<group>";
		};
		8229CB951F4E3D4F00218E8A /* LineChart */ = {
			isa = PBXGroup;
			children = (
				8229CB961F4E3D4F00218E8A /* LineGraphMarker.h */,
				8229CB971F4E3D4F00218E8A /* LineGraphMarker.m */,
				8229CB981F4E3D4F00218E8A /* MultiLineGraphView.h */,
				8229CB991F4E3D4F00218E8A /* MultiLineGraphView.m */,
			);
			path = LineChart;
			sourceTree = "<group>";
		};
		8229CB9A1F4E3D4F00218E8A /* PieChart */ = {
			isa = PBXGroup;
			children = (
				8229CB9B1F4E3D4F00218E8A /* PieChart.h */,
				8229CB9C1F4E3D4F00218E8A /* PieChart.m */,
			);
			path = PieChart;
			sourceTree = "<group>";
		};
		829754A41F44B31D001B59CA = {
			isa = PBXGroup;
			children = (
				829754AF1F44B31D001B59CA /* 1To1Rating */,
				829754AE1F44B31D001B59CA /* Products */,
				EC11BDE4FB7F700C740E570F /* Pods */,
				008632191F006AAC4BB9A12B /* Frameworks */,
			);
			sourceTree = "<group>";
		};
		829754AE1F44B31D001B59CA /* Products */ = {
			isa = PBXGroup;
			children = (
				829754AD1F44B31D001B59CA /* 1To1Rating.app */,
			);
			name = Products;
			sourceTree = "<group>";
		};
		829754AF1F44B31D001B59CA /* 1To1Rating */ = {
			isa = PBXGroup;
			children = (
				82003F3A1F4F59FC0028B3B2 /* 1To1Rating.entitlements */,
				82CDF0E71F44C86B0017FA75 /* Resources */,
				82CDF0E61F44C8630017FA75 /* Models */,
				82CDF0E51F44C65F0017FA75 /* Constants */,
				82CDF0E31F44C6350017FA75 /* ThirdParty */,
				82CDF0E21F44C62D0017FA75 /* Utility */,
				82CDF0E11F44C6200017FA75 /* OtherClasses */,
				82CDF0E01F44C6180017FA75 /* Classes */,
				82CDF0E41F44C6570017FA75 /* Views */,
				829754C11F44B31D001B59CA /* Info.plist */,
				829754B01F44B31D001B59CA /* Supporting Files */,
			);
			path = 1To1Rating;
			sourceTree = "<group>";
		};
		829754B01F44B31D001B59CA /* Supporting Files */ = {
			isa = PBXGroup;
			children = (
				829754B11F44B31D001B59CA /* main.m */,
			);
			name = "Supporting Files";
			sourceTree = "<group>";
		};
		82BBC13F1F4A1D7C000030FF /* ShardClasses */ = {
			isa = PBXGroup;
			children = (
				82BBC1511F4A3227000030FF /* WebService */,
				82BBC1401F4A1D85000030FF /* General */,
			);
			name = ShardClasses;
			sourceTree = "<group>";
		};
		82BBC1401F4A1D85000030FF /* General */ = {
			isa = PBXGroup;
			children = (
				82BBC1411F4A1DCD000030FF /* OTOGeneralSharedManager.h */,
				82BBC1421F4A1DCD000030FF /* OTOGeneralSharedManager.m */,
			);
			name = General;
			sourceTree = "<group>";
		};
		82BBC1491F4A29CE000030FF /* Reachability */ = {
			isa = PBXGroup;
			children = (
				82BBC14A1F4A29CE000030FF /* Reachability.h */,
				82BBC14B1F4A29CE000030FF /* Reachability.m */,
			);
			name = Reachability;
			path = ThirdParty/Reachability;
			sourceTree = "<group>";
		};
		82BBC1511F4A3227000030FF /* WebService */ = {
			isa = PBXGroup;
			children = (
				82BBC1521F4A3227000030FF /* OTOSharedWebService.h */,
				82BBC1531F4A3227000030FF /* OTOSharedWebService.m */,
			);
			name = WebService;
			path = OtherClasses/SharedClasses/WebService;
			sourceTree = "<group>";
		};
		82CDD8101F489CA500CC50A4 /* SignIn */ = {
			isa = PBXGroup;
			children = (
				82CDD8111F489CA500CC50A4 /* OTOSignInVC.h */,
				82CDD8121F489CA500CC50A4 /* OTOSignInVC.m */,
			);
			name = SignIn;
			path = Classes/LoginAndSignUp/SignIn;
			sourceTree = "<group>";
		};
		82CDD8181F489D9500CC50A4 /* MainVC */ = {
			isa = PBXGroup;
			children = (
				82CDD8191F489D9500CC50A4 /* OTOMainVC.h */,
				82CDD81A1F489D9500CC50A4 /* OTOMainVC.m */,
			);
			name = MainVC;
			path = Classes/LoginAndSignUp/MainVC;
			sourceTree = "<group>";
		};
		82CDD81C1F489D9500CC50A4 /* SignUp */ = {
			isa = PBXGroup;
			children = (
				82CDD81D1F489D9500CC50A4 /* OTOSignUpVC.h */,
				82CDD81E1F489D9500CC50A4 /* OTOSignUpVC.m */,
			);
			name = SignUp;
			path = Classes/LoginAndSignUp/SignUp;
			sourceTree = "<group>";
		};
		82CDD8251F489E7400CC50A4 /* ForgotPassword */ = {
			isa = PBXGroup;
			children = (
				82CDD8261F489E7400CC50A4 /* OTOForgotPasswordVC.h */,
				82CDD8271F489E7400CC50A4 /* OTOForgotPasswordVC.m */,
			);
			name = ForgotPassword;
			path = Classes/LoginAndSignUp/ForgotPassword;
			sourceTree = "<group>";
		};
		82CDF0E01F44C6180017FA75 /* Classes */ = {
			isa = PBXGroup;
			children = (
				82CDF0ED1F44C9430017FA75 /* LoginAndSignUp */,
				82CDF0E81F44C88F0017FA75 /* AppDelegate */,
			);
			name = Classes;
			sourceTree = "<group>";
		};
		82CDF0E11F44C6200017FA75 /* OtherClasses */ = {
			isa = PBXGroup;
			children = (
				82BBC13F1F4A1D7C000030FF /* ShardClasses */,
			);
			name = OtherClasses;
			sourceTree = "<group>";
		};
		82CDF0E21F44C62D0017FA75 /* Utility */ = {
			isa = PBXGroup;
			children = (
			);
			name = Utility;
			sourceTree = "<group>";
		};
		82CDF0E31F44C6350017FA75 /* ThirdParty */ = {
			isa = PBXGroup;
			children = (
				8229CB831F4E3D4F00218E8A /* dr-Charts */,
				82BBC1491F4A29CE000030FF /* Reachability */,
			);
			name = ThirdParty;
			sourceTree = "<group>";
		};
		82CDF0E41F44C6570017FA75 /* Views */ = {
			isa = PBXGroup;
			children = (
				829754BC1F44B31D001B59CA /* Assets.xcassets */,
				82CDF0EC1F44C91B0017FA75 /* Storyboards */,
			);
			name = Views;
			sourceTree = "<group>";
		};
		82CDF0E51F44C65F0017FA75 /* Constants */ = {
			isa = PBXGroup;
			children = (
				82CDF0F11F44D88D0017FA75 /* OTOConstants.h */,
				82CDF0F21F44D8A70017FA75 /* OTOColorConstants.h */,
				82BBC1481F4A26D4000030FF /* OTOMessageConstants.h */,
				82BBC14D1F4A2E39000030FF /* OTOAPIConstants.h */,
				82D854A31F4B760600E71FF8 /* OTOUserDefaultConstants.h */,
			);
			name = Constants;
			sourceTree = "<group>";
		};
		82CDF0E61F44C8630017FA75 /* Models */ = {
			isa = PBXGroup;
			children = (
			);
			name = Models;
			sourceTree = "<group>";
		};
		82CDF0E71F44C86B0017FA75 /* Resources */ = {
			isa = PBXGroup;
			children = (
				82CDF0F31F44DA5B0017FA75 /* 1To1Rating.pch */,
				8261602D1F485898000643C9 /* ReadMe.strings */,
			);
			name = Resources;
			sourceTree = "<group>";
		};
		82CDF0E81F44C88F0017FA75 /* AppDelegate */ = {
			isa = PBXGroup;
			children = (
				82CDF0E91F44C9030017FA75 /* AppDelegate.h */,
				82CDF0EA1F44C9030017FA75 /* AppDelegate.m */,
			);
			name = AppDelegate;
			sourceTree = "<group>";
		};
		82CDF0EC1F44C91B0017FA75 /* Storyboards */ = {
			isa = PBXGroup;
			children = (
				829754B91F44B31D001B59CA /* Main.storyboard */,
				829754BE1F44B31D001B59CA /* LaunchScreen.storyboard */,
				826A22491F462B5200773F15 /* Main_iPad.storyboard */,
			);
			name = Storyboards;
			sourceTree = "<group>";
		};
		82CDF0ED1F44C9430017FA75 /* LoginAndSignUp */ = {
			isa = PBXGroup;
			children = (
				82CDD8251F489E7400CC50A4 /* ForgotPassword */,
				82CDD8181F489D9500CC50A4 /* MainVC */,
				82CDD81C1F489D9500CC50A4 /* SignUp */,
				82CDD8101F489CA500CC50A4 /* SignIn */,
			);
			name = LoginAndSignUp;
			sourceTree = "<group>";
		};
		EC11BDE4FB7F700C740E570F /* Pods */ = {
			isa = PBXGroup;
			children = (
				9B93E80D0D9FDDE4D1965F2D /* Pods-1To1Rating.debug.xcconfig */,
				08B80B4C2A4C69074B5526D2 /* Pods-1To1Rating.release.xcconfig */,
			);
			name = Pods;
			sourceTree = "<group>";
		};
/* End PBXGroup section */

/* Begin PBXNativeTarget section */
		829754AC1F44B31D001B59CA /* 1To1Rating */ = {
			isa = PBXNativeTarget;
			buildConfigurationList = 829754C41F44B31D001B59CA /* Build configuration list for PBXNativeTarget "1To1Rating" */;
			buildPhases = (
				19AE4DEC4D7FA7AE49FE002F /* [CP] Check Pods Manifest.lock */,
				829754A91F44B31D001B59CA /* Sources */,
				829754AA1F44B31D001B59CA /* Frameworks */,
				829754AB1F44B31D001B59CA /* Resources */,
				13A4F208109FB0C9267029D2 /* [CP] Embed Pods Frameworks */,
				0191E95E95CC8D45FEFFCC89 /* [CP] Copy Pods Resources */,
				827C81021F51F6160088BA0D /* ShellScript */,
			);
			buildRules = (
			);
			dependencies = (
			);
			name = 1To1Rating;
			productName = 1To1Rating;
			productReference = 829754AD1F44B31D001B59CA /* 1To1Rating.app */;
			productType = "com.apple.product-type.application";
		};
/* End PBXNativeTarget section */

/* Begin PBXProject section */
		829754A51F44B31D001B59CA /* Project object */ = {
			isa = PBXProject;
			attributes = {
				LastUpgradeCheck = 0830;
				ORGANIZATIONNAME = Ganadhakshya;
				TargetAttributes = {
					829754AC1F44B31D001B59CA = {
						CreatedOnToolsVersion = 8.3.3;
						DevelopmentTeam = 34PHRC97GK;
						ProvisioningStyle = Manual;
						SystemCapabilities = {
							com.apple.Push = {
								enabled = 1;
							};
						};
					};
				};
			};
			buildConfigurationList = 829754A81F44B31D001B59CA /* Build configuration list for PBXProject "1To1Rating" */;
			compatibilityVersion = "Xcode 3.2";
			developmentRegion = English;
			hasScannedForEncodings = 0;
			knownRegions = (
				en,
				Base,
			);
			mainGroup = 829754A41F44B31D001B59CA;
			productRefGroup = 829754AE1F44B31D001B59CA /* Products */;
			projectDirPath = "";
			projectRoot = "";
			targets = (
				829754AC1F44B31D001B59CA /* 1To1Rating */,
			);
		};
/* End PBXProject section */

/* Begin PBXResourcesBuildPhase section */
		829754AB1F44B31D001B59CA /* Resources */ = {
			isa = PBXResourcesBuildPhase;
			buildActionMask = 2147483647;
			files = (
				826A224A1F462B5200773F15 /* Main_iPad.storyboard in Resources */,
				829754C01F44B31D001B59CA /* LaunchScreen.storyboard in Resources */,
				8229CBA71F4E3D4F00218E8A /* Info.plist in Resources */,
				829754BD1F44B31D001B59CA /* Assets.xcassets in Resources */,
				829754BB1F44B31D001B59CA /* Main.storyboard in Resources */,
				8261602E1F485898000643C9 /* ReadMe.strings in Resources */,
			);
			runOnlyForDeploymentPostprocessing = 0;
		};
/* End PBXResourcesBuildPhase section */

/* Begin PBXShellScriptBuildPhase section */
		0191E95E95CC8D45FEFFCC89 /* [CP] Copy Pods Resources */ = {
			isa = PBXShellScriptBuildPhase;
			buildActionMask = 2147483647;
			files = (
			);
			inputPaths = (
			);
			name = "[CP] Copy Pods Resources";
			outputPaths = (
			);
			runOnlyForDeploymentPostprocessing = 0;
			shellPath = /bin/sh;
			shellScript = "\"${SRCROOT}/Pods/Target Support Files/Pods-1To1Rating/Pods-1To1Rating-resources.sh\"\n";
			showEnvVarsInLog = 0;
		};
		13A4F208109FB0C9267029D2 /* [CP] Embed Pods Frameworks */ = {
			isa = PBXShellScriptBuildPhase;
			buildActionMask = 2147483647;
			files = (
			);
			inputPaths = (
			);
			name = "[CP] Embed Pods Frameworks";
			outputPaths = (
			);
			runOnlyForDeploymentPostprocessing = 0;
			shellPath = /bin/sh;
			shellScript = "\"${SRCROOT}/Pods/Target Support Files/Pods-1To1Rating/Pods-1To1Rating-frameworks.sh\"\n";
			showEnvVarsInLog = 0;
		};
		19AE4DEC4D7FA7AE49FE002F /* [CP] Check Pods Manifest.lock */ = {
			isa = PBXShellScriptBuildPhase;
			buildActionMask = 2147483647;
			files = (
			);
			inputPaths = (
			);
			name = "[CP] Check Pods Manifest.lock";
			outputPaths = (
			);
			runOnlyForDeploymentPostprocessing = 0;
			shellPath = /bin/sh;
			shellScript = "diff \"${PODS_ROOT}/../Podfile.lock\" \"${PODS_ROOT}/Manifest.lock\" > /dev/null\nif [ $? != 0 ] ; then\n    # print error to STDERR\n    echo \"error: The sandbox is not in sync with the Podfile.lock. Run 'pod install' or update your CocoaPods installation.\" >&2\n    exit 1\nfi\n";
			showEnvVarsInLog = 0;
		};
		827C81021F51F6160088BA0D /* ShellScript */ = {
			isa = PBXShellScriptBuildPhase;
			buildActionMask = 2147483647;
			files = (
			);
			inputPaths = (
			);
			outputPaths = (
			);
			runOnlyForDeploymentPostprocessing = 0;
			shellPath = /bin/sh;
			shellScript = "./Fabric.framework/run 285e989238c3257feb9e30333bc8c606a2480233 1659d290d292631bb1ab8c1621a7d4fb747d98b3cbb5eedd6f8b072d1f82a112";
		};
/* End PBXShellScriptBuildPhase section */

/* Begin PBXSourcesBuildPhase section */
		829754A91F44B31D001B59CA /* Sources */ = {
			isa = PBXSourcesBuildPhase;
			buildActionMask = 2147483647;
			files = (
				829754B21F44B31D001B59CA /* main.m in Sources */,
				82CDF0EB1F44C9030017FA75 /* AppDelegate.m in Sources */,
				8229CBA41F4E3D4F00218E8A /* LineGraphMarker.m in Sources */,
				8229CBA51F4E3D4F00218E8A /* MultiLineGraphView.m in Sources */,
				8229CBA31F4E3D4F00218E8A /* LegendView.m in Sources */,
				82CDD81F1F489D9500CC50A4 /* OTOMainVC.m in Sources */,
				82CDD8211F489D9500CC50A4 /* OTOSignUpVC.m in Sources */,
				82CDD8131F489CA500CC50A4 /* OTOSignInVC.m in Sources */,
				8229CBA01F4E3D4F00218E8A /* CircularChart.m in Sources */,
				82BBC1541F4A3227000030FF /* OTOSharedWebService.m in Sources */,
				8229CBA61F4E3D4F00218E8A /* PieChart.m in Sources */,
				8229CB9F1F4E3D4F00218E8A /* BarChart.m in Sources */,
				8229CBA21F4E3D4F00218E8A /* HorizontalStackBarChart.m in Sources */,
				82BBC1431F4A1DCD000030FF /* OTOGeneralSharedManager.m in Sources */,
				82BBC14C1F4A29CE000030FF /* Reachability.m in Sources */,
				8229CBA11F4E3D4F00218E8A /* DRScrollView.m in Sources */,
				82CDD8281F489E7400CC50A4 /* OTOForgotPasswordVC.m in Sources */,
			);
			runOnlyForDeploymentPostprocessing = 0;
		};
/* End PBXSourcesBuildPhase section */

/* Begin PBXVariantGroup section */
		829754B91F44B31D001B59CA /* Main.storyboard */ = {
			isa = PBXVariantGroup;
			children = (
				829754BA1F44B31D001B59CA /* Base */,
			);
			name = Main.storyboard;
			sourceTree = "<group>";
		};
		829754BE1F44B31D001B59CA /* LaunchScreen.storyboard */ = {
			isa = PBXVariantGroup;
			children = (
				829754BF1F44B31D001B59CA /* Base */,
			);
			name = LaunchScreen.storyboard;
			sourceTree = "<group>";
		};
/* End PBXVariantGroup section */

/* Begin XCBuildConfiguration section */
		829754C21F44B31D001B59CA /* Debug */ = {
			isa = XCBuildConfiguration;
			buildSettings = {
				ALWAYS_SEARCH_USER_PATHS = NO;
				CLANG_ANALYZER_NONNULL = YES;
				CLANG_ANALYZER_NUMBER_OBJECT_CONVERSION = YES_AGGRESSIVE;
				CLANG_CXX_LANGUAGE_STANDARD = "gnu++0x";
				CLANG_CXX_LIBRARY = "libc++";
				CLANG_ENABLE_MODULES = YES;
				CLANG_ENABLE_OBJC_ARC = YES;
				CLANG_WARN_BOOL_CONVERSION = YES;
				CLANG_WARN_CONSTANT_CONVERSION = YES;
				CLANG_WARN_DIRECT_OBJC_ISA_USAGE = YES_ERROR;
				CLANG_WARN_DOCUMENTATION_COMMENTS = YES;
				CLANG_WARN_EMPTY_BODY = YES;
				CLANG_WARN_ENUM_CONVERSION = YES;
				CLANG_WARN_INFINITE_RECURSION = YES;
				CLANG_WARN_INT_CONVERSION = YES;
				CLANG_WARN_OBJC_ROOT_CLASS = YES_ERROR;
				CLANG_WARN_SUSPICIOUS_MOVE = YES;
				CLANG_WARN_UNREACHABLE_CODE = YES;
				CLANG_WARN__DUPLICATE_METHOD_MATCH = YES;
				"CODE_SIGN_IDENTITY[sdk=iphoneos*]" = "iPhone Developer";
				COPY_PHASE_STRIP = NO;
				DEBUG_INFORMATION_FORMAT = dwarf;
				ENABLE_STRICT_OBJC_MSGSEND = YES;
				ENABLE_TESTABILITY = YES;
				GCC_C_LANGUAGE_STANDARD = gnu99;
				GCC_DYNAMIC_NO_PIC = NO;
				GCC_NO_COMMON_BLOCKS = YES;
				GCC_OPTIMIZATION_LEVEL = 0;
				GCC_PRECOMPILE_PREFIX_HEADER = YES;
				GCC_PREPROCESSOR_DEFINITIONS = (
					"DEBUG=1",
					"$(inherited)",
				);
				GCC_WARN_64_TO_32_BIT_CONVERSION = YES;
				GCC_WARN_ABOUT_RETURN_TYPE = YES_ERROR;
				GCC_WARN_UNDECLARED_SELECTOR = YES;
				GCC_WARN_UNINITIALIZED_AUTOS = YES_AGGRESSIVE;
				GCC_WARN_UNUSED_FUNCTION = YES;
				GCC_WARN_UNUSED_VARIABLE = YES;
				IPHONEOS_DEPLOYMENT_TARGET = 10.3;
				MTL_ENABLE_DEBUG_INFO = YES;
				ONLY_ACTIVE_ARCH = YES;
				SDKROOT = iphoneos;
				TARGETED_DEVICE_FAMILY = "1,2";
			};
			name = Debug;
		};
		829754C31F44B31D001B59CA /* Release */ = {
			isa = XCBuildConfiguration;
			buildSettings = {
				ALWAYS_SEARCH_USER_PATHS = NO;
				CLANG_ANALYZER_NONNULL = YES;
				CLANG_ANALYZER_NUMBER_OBJECT_CONVERSION = YES_AGGRESSIVE;
				CLANG_CXX_LANGUAGE_STANDARD = "gnu++0x";
				CLANG_CXX_LIBRARY = "libc++";
				CLANG_ENABLE_MODULES = YES;
				CLANG_ENABLE_OBJC_ARC = YES;
				CLANG_WARN_BOOL_CONVERSION = YES;
				CLANG_WARN_CONSTANT_CONVERSION = YES;
				CLANG_WARN_DIRECT_OBJC_ISA_USAGE = YES_ERROR;
				CLANG_WARN_DOCUMENTATION_COMMENTS = YES;
				CLANG_WARN_EMPTY_BODY = YES;
				CLANG_WARN_ENUM_CONVERSION = YES;
				CLANG_WARN_INFINITE_RECURSION = YES;
				CLANG_WARN_INT_CONVERSION = YES;
				CLANG_WARN_OBJC_ROOT_CLASS = YES_ERROR;
				CLANG_WARN_SUSPICIOUS_MOVE = YES;
				CLANG_WARN_UNREACHABLE_CODE = YES;
				CLANG_WARN__DUPLICATE_METHOD_MATCH = YES;
				"CODE_SIGN_IDENTITY[sdk=iphoneos*]" = "iPhone Developer";
				COPY_PHASE_STRIP = NO;
				DEBUG_INFORMATION_FORMAT = "dwarf-with-dsym";
				ENABLE_NS_ASSERTIONS = NO;
				ENABLE_STRICT_OBJC_MSGSEND = YES;
				GCC_C_LANGUAGE_STANDARD = gnu99;
				GCC_NO_COMMON_BLOCKS = YES;
				GCC_PRECOMPILE_PREFIX_HEADER = YES;
				GCC_WARN_64_TO_32_BIT_CONVERSION = YES;
				GCC_WARN_ABOUT_RETURN_TYPE = YES_ERROR;
				GCC_WARN_UNDECLARED_SELECTOR = YES;
				GCC_WARN_UNINITIALIZED_AUTOS = YES_AGGRESSIVE;
				GCC_WARN_UNUSED_FUNCTION = YES;
				GCC_WARN_UNUSED_VARIABLE = YES;
				IPHONEOS_DEPLOYMENT_TARGET = 10.3;
				MTL_ENABLE_DEBUG_INFO = NO;
				SDKROOT = iphoneos;
				TARGETED_DEVICE_FAMILY = "1,2";
				VALIDATE_PRODUCT = YES;
			};
			name = Release;
		};
		829754C51F44B31D001B59CA /* Debug */ = {
			isa = XCBuildConfiguration;
			baseConfigurationReference = 9B93E80D0D9FDDE4D1965F2D /* Pods-1To1Rating.debug.xcconfig */;
			buildSettings = {
				ASSETCATALOG_COMPILER_APPICON_NAME = AppIcon;
				CODE_SIGN_ENTITLEMENTS = 1To1Rating/1To1Rating.entitlements;
				FRAMEWORK_SEARCH_PATHS = (
					"$(inherited)",
					"$(PROJECT_DIR)/1To1Rating/ThirdParty/Facebook",
					"$(PROJECT_DIR)",
				);
				GCC_PRECOMPILE_PREFIX_HEADER = YES;
				GCC_PREFIX_HEADER = "$(SRCROOT)/1To1Rating/Resources/1To1Rating.pch";
				INFOPLIST_FILE = 1To1Rating/Info.plist;
				IPHONEOS_DEPLOYMENT_TARGET = 10.0;
				LD_RUNPATH_SEARCH_PATHS = "$(inherited) @executable_path/Frameworks";
				PRODUCT_BUNDLE_IDENTIFIER = com.1To1Rating.1To1Rating;
				PRODUCT_NAME = "$(TARGET_NAME)";
				SHARED_PRECOMPS_DIR = "$(SRCROOT)/1To1Rating/Resources";
			};
			name = Debug;
		};
		829754C61F44B31D001B59CA /* Release */ = {
			isa = XCBuildConfiguration;
			baseConfigurationReference = 08B80B4C2A4C69074B5526D2 /* Pods-1To1Rating.release.xcconfig */;
			buildSettings = {
				ASSETCATALOG_COMPILER_APPICON_NAME = AppIcon;
				CODE_SIGN_ENTITLEMENTS = 1To1Rating/1To1Rating.entitlements;
				FRAMEWORK_SEARCH_PATHS = (
					"$(inherited)",
					"$(PROJECT_DIR)/1To1Rating/ThirdParty/Facebook",
					"$(PROJECT_DIR)",
				);
				GCC_PRECOMPILE_PREFIX_HEADER = YES;
				GCC_PREFIX_HEADER = "$(SRCROOT)/1To1Rating/Resources/1To1Rating.pch";
				INFOPLIST_FILE = 1To1Rating/Info.plist;
				IPHONEOS_DEPLOYMENT_TARGET = 10.0;
				LD_RUNPATH_SEARCH_PATHS = "$(inherited) @executable_path/Frameworks";
				PRODUCT_BUNDLE_IDENTIFIER = com.1To1Rating.1To1Rating;
				PRODUCT_NAME = "$(TARGET_NAME)";
				SHARED_PRECOMPS_DIR = "$(SRCROOT)/1To1Rating/Resources";
			};
			name = Release;
		};
/* End XCBuildConfiguration section */

/* Begin XCConfigurationList section */
		829754A81F44B31D001B59CA /* Build configuration list for PBXProject "1To1Rating" */ = {
			isa = XCConfigurationList;
			buildConfigurations = (
				829754C21F44B31D001B59CA /* Debug */,
				829754C31F44B31D001B59CA /* Release */,
			);
			defaultConfigurationIsVisible = 0;
			defaultConfigurationName = Release;
		};
		829754C41F44B31D001B59CA /* Build configuration list for PBXNativeTarget "1To1Rating" */ = {
			isa = XCConfigurationList;
			buildConfigurations = (
				829754C51F44B31D001B59CA /* Debug */,
				829754C61F44B31D001B59CA /* Release */,
			);
			defaultConfigurationIsVisible = 0;
			defaultConfigurationName = Release;
		};
/* End XCConfigurationList section */
	};
	rootObject = 829754A51F44B31D001B59CA /* Project object */;
}
